
Microsoft Visual Studio Solution File, Format Version 12.00
# Visual Studio Version 16
VisualStudioVersion = 16.0.30711.63
MinimumVisualStudioVersion = 10.0.40219.1
Project("{FAE04EC0-301F-11D3-BF4B-00C04F79EFBC}") = "BreweryDataGrabber", "BreweryDataGrabber\BreweryDataGrabber.csproj", "{7ECBB885-4074-4763-864B-9C37EFD0E1D9}"
EndProject
Global
	GlobalSection(SolutionConfigurationPlatforms) = preSolution
		Debug|Any CPU = Debug|Any CPU
		Release|Any CPU = Release|Any CPU
	EndGlobalSection
	GlobalSection(ProjectConfigurationPlatforms) = postSolution
		{7ECBB885-4074-4763-864B-9C37EFD0E1D9}.Debug|Any CPU.ActiveCfg = Debug|Any CPU
		{7ECBB885-4074-4763-864B-9C37EFD0E1D9}.Debug|Any CPU.Build.0 = Debug|Any CPU
		{7ECBB885-4074-4763-864B-9C37EFD0E1D9}.Release|Any CPU.ActiveCfg = Release|Any CPU
		{7ECBB885-4074-4763-864B-9C37EFD0E1D9}.Release|Any CPU.Build.0 = Release|Any CPU
	EndGlobalSection
	GlobalSection(SolutionProperties) = preSolution
		HideSolutionNode = FALSE
	EndGlobalSection
	GlobalSection(ExtensibilityGlobals) = postSolution
		SolutionGuid = {4C2EF8B3-77D6-4C25-975D-7FAB5CFF57A4}
	EndGlobalSection
EndGlobal
